
Microsoft Visual Studio Solution File, Format Version 12.00
# Visual Studio 15
VisualStudioVersion = 15.0.28307.421
MinimumVisualStudioVersion = 10.0.40219.1
Project("{FAE04EC0-301F-11D3-BF4B-00C04F79EFBC}") = "InventarioEdificio", "InventarioEdificio\InventarioEdificio.csproj", "{82AF3089-0973-4F10-A4B7-2E64815F6D39}"
EndProject
Global
	GlobalSection(SolutionConfigurationPlatforms) = preSolution
		Debug|Any CPU = Debug|Any CPU
		Release|Any CPU = Release|Any CPU
	EndGlobalSection
	GlobalSection(ProjectConfigurationPlatforms) = postSolution
		{82AF3089-0973-4F10-A4B7-2E64815F6D39}.Debug|Any CPU.ActiveCfg = Debug|Any CPU
		{82AF3089-0973-4F10-A4B7-2E64815F6D39}.Debug|Any CPU.Build.0 = Debug|Any CPU
		{82AF3089-0973-4F10-A4B7-2E64815F6D39}.Release|Any CPU.ActiveCfg = Release|Any CPU
		{82AF3089-0973-4F10-A4B7-2E64815F6D39}.Release|Any CPU.Build.0 = Release|Any CPU
	EndGlobalSection
	GlobalSection(SolutionProperties) = preSolution
		HideSolutionNode = FALSE
	EndGlobalSection
	GlobalSection(ExtensibilityGlobals) = postSolution
		SolutionGuid = {1AA1B8CC-7F9E-4C25-A0FB-2816A80B1FB5}
	EndGlobalSection
EndGlobal
